
Microsoft Visual Studio Solution File, Format Version 12.00
# Visual Studio Version 17
VisualStudioVersion = 17.9.34723.18
MinimumVisualStudioVersion = 10.0.40219.1
Project("{FAE04EC0-301F-11D3-BF4B-00C04F79EFBC}") = "LoademGui", "LoademGui\LoademGui.csproj", "{8E9A95DB-86BD-488B-9FB5-98170873418B}"
EndProject
Global
	GlobalSection(SolutionConfigurationPlatforms) = preSolution
		Debug|Any CPU = Debug|Any CPU
		Release|Any CPU = Release|Any CPU
	EndGlobalSection
	GlobalSection(ProjectConfigurationPlatforms) = postSolution
		{8E9A95DB-86BD-488B-9FB5-98170873418B}.Debug|Any CPU.ActiveCfg = Debug|Any CPU
		{8E9A95DB-86BD-488B-9FB5-98170873418B}.Debug|Any CPU.Build.0 = Debug|Any CPU
		{8E9A95DB-86BD-488B-9FB5-98170873418B}.Release|Any CPU.ActiveCfg = Release|Any CPU
		{8E9A95DB-86BD-488B-9FB5-98170873418B}.Release|Any CPU.Build.0 = Release|Any CPU
	EndGlobalSection
	GlobalSection(SolutionProperties) = preSolution
		HideSolutionNode = FALSE
	EndGlobalSection
	GlobalSection(ExtensibilityGlobals) = postSolution
		SolutionGuid = {39EE0E7E-80E0-43AB-B819-EEC812B6E042}
	EndGlobalSection
EndGlobal
